{
  "version": 4,
  "terraform_version": "1.12.2",
  "serial": 18,
  "lineage": "e4cf7395-a4f9-bc30-08c9-6eb98878e1c2",
  "outputs": {
    "instance_connection_name": {
      "value": "eofusion-466316:europe-west1:metaflow-postgres",
      "type": "string"
    },
    "service_account_email": {
      "value": "metaflow-postgres-client@eofusion-466316.iam.gserviceaccount.com",
      "type": "string"
    }
  },
  "resources": [
    {
      "module": "module.postgis",
      "mode": "managed",
      "type": "google_service_account",
      "name": "cloudsql",
      "provider": "module.postgis.provider[\"registry.terraform.io/hashicorp/google\"]",
      "instances": [
        {
          "schema_version": 0,
          "attributes": {
            "account_id": "metaflow-postgres-client",
            "create_ignore_already_exists": null,
            "description": "",
            "disabled": false,
            "display_name": "Cloud SQL client for Metaflow",
            "email": "metaflow-postgres-client@eofusion-466316.iam.gserviceaccount.com",
            "id": "projects/eofusion-466316/serviceAccounts/metaflow-postgres-client@eofusion-466316.iam.gserviceaccount.com",
            "member": "serviceAccount:metaflow-postgres-client@eofusion-466316.iam.gserviceaccount.com",
            "name": "projects/eofusion-466316/serviceAccounts/metaflow-postgres-client@eofusion-466316.iam.gserviceaccount.com",
            "project": "eofusion-466316",
            "timeouts": null,
            "unique_id": "113310156904401062086"
          },
          "sensitive_attributes": [],
          "identity_schema_version": 0,
          "private": "eyJlMmJmYjczMC1lY2FhLTExZTYtOGY4OC0zNDM2M2JjN2M0YzAiOnsiY3JlYXRlIjozMDAwMDAwMDAwMDB9fQ=="
        }
      ]
    },
    {
      "module": "module.postgis",
      "mode": "managed",
      "type": "google_sql_database",
      "name": "pgstac",
      "provider": "module.postgis.provider[\"registry.terraform.io/hashicorp/google\"]",
      "instances": [
        {
          "schema_version": 0,
          "attributes": {
            "charset": "UTF8",
            "collation": "en_US.UTF8",
            "deletion_policy": "DELETE",
            "id": "projects/eofusion-466316/instances/metaflow-postgres/databases/pgstac",
            "instance": "metaflow-postgres",
            "name": "pgstac",
            "project": "eofusion-466316",
            "self_link": "https://sqladmin.googleapis.com/sql/v1beta4/projects/eofusion-466316/instances/metaflow-postgres/databases/pgstac",
            "timeouts": null
          },
          "sensitive_attributes": [],
          "identity_schema_version": 0,
          "private": "eyJlMmJmYjczMC1lY2FhLTExZTYtOGY4OC0zNDM2M2JjN2M0YzAiOnsiY3JlYXRlIjoxMjAwMDAwMDAwMDAwLCJkZWxldGUiOjEyMDAwMDAwMDAwMDAsInVwZGF0ZSI6MTIwMDAwMDAwMDAwMH19",
          "dependencies": [
            "module.postgis.google_sql_database_instance.postgres"
          ]
        }
      ]
    },
    {
      "module": "module.postgis",
      "mode": "managed",
      "type": "google_sql_database_instance",
      "name": "postgres",
      "provider": "module.postgis.provider[\"registry.terraform.io/hashicorp/google\"]",
      "instances": [
        {
          "schema_version": 0,
          "attributes": {
            "available_maintenance_versions": [],
            "clone": [],
            "connection_name": "eofusion-466316:europe-west1:metaflow-postgres",
            "database_version": "POSTGRES_15",
            "deletion_protection": true,
            "dns_name": "",
            "encryption_key_name": null,
            "first_ip_address": "10.196.1.2",
            "id": "metaflow-postgres",
            "instance_type": "CLOUD_SQL_INSTANCE",
            "ip_address": [
              {
                "ip_address": "10.196.1.2",
                "time_to_retire": "",
                "type": "PRIVATE"
              }
            ],
            "maintenance_version": "POSTGRES_15_13.R20250302.00_31",
            "master_instance_name": "",
            "name": "metaflow-postgres",
            "private_ip_address": "10.196.1.2",
            "project": "eofusion-466316",
            "psc_service_attachment_link": "",
            "public_ip_address": "",
            "region": "europe-west1",
            "replica_configuration": [],
            "restore_backup_context": [],
            "root_password": "SouAch1\u00262\u00263",
            "self_link": "https://sqladmin.googleapis.com/sql/v1beta4/projects/eofusion-466316/instances/metaflow-postgres",
            "server_ca_cert": [
              {
                "cert": "-----BEGIN CERTIFICATE-----\nMIIDfzCCAmegAwIBAgIBADANBgkqhkiG9w0BAQsFADB3MS0wKwYDVQQuEyRlYjVj\nMWU4MS02Y2EzLTQxNzAtOWE5Zi1lYmY2MzU1N2NmMmUxIzAhBgNVBAMTGkdvb2ds\nZSBDbG91ZCBTUUwgU2VydmVyIENBMRQwEgYDVQQKEwtHb29nbGUsIEluYzELMAkG\nA1UEBhMCVVMwHhcNMjUwODE4MTQzNzM2WhcNMzUwODE2MTQzODM2WjB3MS0wKwYD\nVQQuEyRlYjVjMWU4MS02Y2EzLTQxNzAtOWE5Zi1lYmY2MzU1N2NmMmUxIzAhBgNV\nBAMTGkdvb2dsZSBDbG91ZCBTUUwgU2VydmVyIENBMRQwEgYDVQQKEwtHb29nbGUs\nIEluYzELMAkGA1UEBhMCVVMwggEiMA0GCSqGSIb3DQEBAQUAA4IBDwAwggEKAoIB\nAQD2iXPUT3RVvD6ooITIcD/mYSIv6wOvEhlba32Yz2UXPGduNiOy2HSFOAPH1VzM\nwx2uDtCPp8jSaN2hzOw0PgHEx/dgUN43qBwRYQ3sx5Ch5kK2pTFzWOq2Kc50nzWD\nVxH6kzPEREfljzCrmIwCIC1BaSAEdYawvXN9QHDFdVyOZlv925jl2N2LuflRJlNq\nMhwEFZ/TbgkeytDwUaDL+dd7zwgYzQoTdKO4w73yWvxWs0DCgfa4SfkMBt6ya7dG\nX3BgtKDwaH/ANAeTDPgCCUeXP2I1GAqtsq7+8WECulDh1CwrYQdbGcrqlwZrDlZX\nqiizKEgny24mr/0VaCcCE1FvAgMBAAGjFjAUMBIGA1UdEwEB/wQIMAYBAf8CAQAw\nDQYJKoZIhvcNAQELBQADggEBAOJ182r9fGuaDVl0D3vcZdEj8466EmADv+4KnTbm\n2j8+4rNcXI/igSb1blLSzvK556+ELsVaD4mJMB3vs1sicNZgjwseZkQtW38VyCsG\nK2d8/TRVav1GeSC/EjM9hQKL/+ThsSojD7asJegzwarjayKj2SU/tTfAtDIoyZSu\nU/hUK1XNumSioA4TUy0Hx+5BBWvf05yJ2GeXJZGijgWXM2Y3ZvhphnLlWndnFloL\n45qcV9zCBVjjVBs6NznRv2r/x+8GoZv8e4wEY3FDhfruaS7KhfRRs6lYpDQ8d71e\nxrnt7hqs3opuCHYDx1msc4XB7DHKffVNkZIrIXTze3kPps8=\n-----END CERTIFICATE-----",
                "common_name": "C=US,O=Google\\, Inc,CN=Google Cloud SQL Server CA,dnQualifier=eb5c1e81-6ca3-4170-9a9f-ebf63557cf2e",
                "create_time": "2025-08-18T14:37:36.496Z",
                "expiration_time": "2035-08-16T14:38:36.496Z",
                "sha1_fingerprint": "05e0a343c786bedbd8cb85606eb84ae737a14af2"
              }
            ],
            "service_account_email_address": "p499259976301-71r8vk@gcp-sa-cloud-sql.iam.gserviceaccount.com",
            "settings": [
              {
                "activation_policy": "ALWAYS",
                "active_directory_config": [],
                "advanced_machine_features": [],
                "availability_type": "REGIONAL",
                "backup_configuration": [
                  {
                    "backup_retention_settings": [
                      {
                        "retained_backups": 7,
                        "retention_unit": "COUNT"
                      }
                    ],
                    "binary_log_enabled": false,
                    "enabled": true,
                    "location": "",
                    "point_in_time_recovery_enabled": false,
                    "start_time": "18:00",
                    "transaction_log_retention_days": 7
                  }
                ],
                "collation": "",
                "connector_enforcement": "NOT_REQUIRED",
                "data_cache_config": [],
                "database_flags": [],
                "deletion_protection_enabled": false,
                "deny_maintenance_period": [],
                "disk_autoresize": true,
                "disk_autoresize_limit": 0,
                "disk_size": 10,
                "disk_type": "PD_SSD",
                "edition": "ENTERPRISE",
                "enable_dataplex_integration": false,
                "enable_google_ml_integration": false,
                "insights_config": [],
                "ip_configuration": [
                  {
                    "allocated_ip_range": "",
                    "authorized_networks": [],
                    "enable_private_path_for_google_cloud_services": false,
                    "ipv4_enabled": false,
                    "private_network": "projects/eofusion-466316/global/networks/vpc-metaflow-default",
                    "psc_config": [],
                    "require_ssl": false,
                    "server_ca_mode": "GOOGLE_MANAGED_INTERNAL_CA",
                    "ssl_mode": "ENCRYPTED_ONLY"
                  }
                ],
                "location_preference": [
                  {
                    "follow_gae_application": "",
                    "secondary_zone": "",
                    "zone": "europe-west1-b"
                  }
                ],
                "maintenance_window": [],
                "password_validation_policy": [],
                "pricing_plan": "PER_USE",
                "sql_server_audit_config": [],
                "tier": "db-custom-2-8192",
                "time_zone": "",
                "user_labels": {},
                "version": 6
              }
            ],
            "timeouts": null
          },
          "sensitive_attributes": [
            [
              {
                "type": "get_attr",
                "value": "root_password"
              }
            ],
            [
              {
                "type": "get_attr",
                "value": "server_ca_cert"
              }
            ]
          ],
          "identity_schema_version": 0,
          "private": "eyJlMmJmYjczMC1lY2FhLTExZTYtOGY4OC0zNDM2M2JjN2M0YzAiOnsiY3JlYXRlIjo1NDAwMDAwMDAwMDAwLCJkZWxldGUiOjU0MDAwMDAwMDAwMDAsInVwZGF0ZSI6NTQwMDAwMDAwMDAwMH19"
        }
      ]
    },
    {
      "module": "module.postgis",
      "mode": "managed",
      "type": "google_sql_user",
      "name": "dbuser",
      "provider": "module.postgis.provider[\"registry.terraform.io/hashicorp/google\"]",
      "instances": [
        {
          "schema_version": 1,
          "attributes": {
            "deletion_policy": null,
            "host": "",
            "id": "metaflow//metaflow-postgres",
            "instance": "metaflow-postgres",
            "name": "metaflow",
            "password": "SouAch1\u00262\u00263",
            "password_policy": [],
            "project": "eofusion-466316",
            "sql_server_user_details": [],
            "timeouts": null,
            "type": ""
          },
          "sensitive_attributes": [
            [
              {
                "type": "get_attr",
                "value": "password"
              }
            ]
          ],
          "identity_schema_version": 0,
          "private": "eyJlMmJmYjczMC1lY2FhLTExZTYtOGY4OC0zNDM2M2JjN2M0YzAiOnsiY3JlYXRlIjo2MDAwMDAwMDAwMDAsImRlbGV0ZSI6NjAwMDAwMDAwMDAwLCJ1cGRhdGUiOjYwMDAwMDAwMDAwMH0sInNjaGVtYV92ZXJzaW9uIjoiMSJ9",
          "dependencies": [
            "module.postgis.google_sql_database_instance.postgres"
          ]
        }
      ]
    }
  ],
  "check_results": null
}
